{
  "nodes": {
    "nixpkgs": {
      "locked": {
        "lastModified": 1787498568,
        "narHash": "sha256-9i/VTdusq/+NM/tz+J1Re+ojkMB8MBf0QshnYfzHz30=",
        "owner": "NixOS",
        "repo": "nixpkgs",
        "rev": "56c02bc00adcf003215cc4bd996d6efaf4cff188",
        "type": "github"
      },
      "original": {
        "owner": "NixOS",
        "ref": "nixos-unstable",
        "repo": "nixpkgs",
        "type": "github"
      }
    },
    "nixpkgs-x86-darwin": {
      "locked": {
        "lastModified": 1787323337,
        "narHash": "sha256-PqomwlB2WugM9MC4tV1L2/yosMOfug3KBDjmqOqD1bU=",
        "owner": "NixOS",
        "repo": "nixpkgs",
        "rev": "6062ba1a1b8b6281b12533c9075a2dbeb38f7e49",
        "type": "github"
      },
      "original": {
        "owner": "NixOS",
        "ref": "nixpkgs-26.05-darwin",
        "repo": "nixpkgs",
        "type": "github"
      }
    },
    "roc-overlay": {
      "inputs": {
        "nixpkgs": [
          "nixpkgs"
        ],
        "nixpkgs-darwin": [
          "nixpkgs-x86-darwin"
        ]
      },
      "locked": {
        "lastModified": 1787662017,
        "narHash": "sha256-rf1gFF/zgSKvyu9fVZoSgW9KCpt4FmzpKW3rlObHPwA=",
        "owner": "roc-lang",
        "repo": "roc-overlay",
        "rev": "8a0e83fb3d4d6569577482d21788612580ea21f1",
        "type": "github"
      },
      "original": {
        "owner": "roc-lang",
        "repo": "roc-overlay",
        "type": "github"
      }
    },
    "root": {
      "inputs": {
        "nixpkgs": "nixpkgs",
        "nixpkgs-x86-darwin": "nixpkgs-x86-darwin",
        "roc-overlay": "roc-overlay",
        "rust-overlay": "rust-overlay"
      }
    },
    "rust-overlay": {
      "inputs": {
        "nixpkgs": [
          "nixpkgs"
        ]
      },
      "locked": {
        "lastModified": 1787540965,
        "narHash": "sha256-48/4bbmK3W3Av3YPnrFb/tVQXPvBwU6kyM3Pb13VVD8=",
        "owner": "oxalica",
        "repo": "rust-overlay",
        "rev": "ab450d47a3f906d19de1b332915bfc6e5b29c853",
        "type": "github"
      },
      "original": {
        "owner": "oxalica",
        "repo": "rust-overlay",
        "type": "github"
      }
    }
  },
  "root": "root",
  "version": 7
}
