{
  "nodes": {
    "nixpkgs": {
      "locked": {
        "lastModified": 1784007870,
        "narHash": "sha256-djcLt/JJphyNt4eDY9XTly+/WbCK5lqWq9lSgCmJkkQ=",
        "owner": "NixOS",
        "repo": "nixpkgs",
        "rev": "18b9261cb3294b6d2a06d03f96872827b8fe2698",
        "type": "github"
      },
      "original": {
        "owner": "NixOS",
        "ref": "nixos-unstable",
        "repo": "nixpkgs",
        "type": "github"
      }
    },
    "nixpkgs-x86-darwin": {
      "locked": {
        "lastModified": 1783945712,
        "narHash": "sha256-ePHSbY7/7fNdOA2CE8J4T9Jt7xRrX87N2mlKd8EsYdM=",
        "owner": "NixOS",
        "repo": "nixpkgs",
        "rev": "293d01ba488ddb4c3560ba7c8de1fbec7047f78c",
        "type": "github"
      },
      "original": {
        "owner": "NixOS",
        "ref": "nixpkgs-26.05-darwin",
        "repo": "nixpkgs",
        "type": "github"
      }
    },
    "roc-overlay": {
      "inputs": {
        "nixpkgs": [
          "nixpkgs"
        ],
        "nixpkgs-darwin": [
          "nixpkgs-x86-darwin"
        ]
      },
      "locked": {
        "lastModified": 1784073071,
        "narHash": "sha256-tmJuQY9Kr4yFTnA56pdTbyExRfd94NTj7jRBtpSozCc=",
        "owner": "thebrandonlucas",
        "repo": "roc-overlay",
        "rev": "a9afdcfed9bf90c53e6b4b1443e00676a939e971",
        "type": "github"
      },
      "original": {
        "owner": "thebrandonlucas",
        "repo": "roc-overlay",
        "type": "github"
      }
    },
    "root": {
      "inputs": {
        "nixpkgs": "nixpkgs",
        "nixpkgs-x86-darwin": "nixpkgs-x86-darwin",
        "roc-overlay": "roc-overlay",
        "rust-overlay": "rust-overlay"
      }
    },
    "rust-overlay": {
      "inputs": {
        "nixpkgs": [
          "nixpkgs"
        ]
      },
      "locked": {
        "lastModified": 1785820796,
        "narHash": "sha256-sZXy8mzUMi2cOGulhoW4HWAZB6JhXOAx1x8J4auZFWk=",
        "owner": "oxalica",
        "repo": "rust-overlay",
        "rev": "b6916ba032e02122d6ed3064f40cabe937363d43",
        "type": "github"
      },
      "original": {
        "owner": "oxalica",
        "repo": "rust-overlay",
        "type": "github"
      }
    }
  },
  "root": "root",
  "version": 7
}
